{
  "name": "contract",
  "lockfileVersion": 2,
  "requires": true,
  "packages": {
    "": {
      "dependencies": {
        "@opengsn/contracts": "^3.0.0-beta.6"
      }
    },
    "node_modules/@opengsn/contracts": {
      "version": "3.0.0-beta.6",
      "resolved": "https://registry.npmjs.org/@opengsn/contracts/-/contracts-3.0.0-beta.6.tgz",
      "integrity": "sha512-zqd7BG339Uq5bfx40CwKXr2waaJqLN9qBVllcWhKBGnkZPKR59wVIPh2zTNzvLorndMRWB3TnOQxAr6tZKjwGQ==",
      "dependencies": {
        "@openzeppelin/contracts": "^4.2.0"
      }
    },
    "node_modules/@openzeppelin/contracts": {
      "version": "4.9.3",
      "resolved": "https://registry.npmjs.org/@openzeppelin/contracts/-/contracts-4.9.3.tgz",
      "integrity": "sha512-He3LieZ1pP2TNt5JbkPA4PNT9WC3gOTOlDcFGJW4Le4QKqwmiNJCRt44APfxMxvq7OugU/cqYuPcSBzOw38DAg=="
    }
  },
  "dependencies": {
    "@opengsn/contracts": {
      "version": "3.0.0-beta.6",
      "resolved": "https://registry.npmjs.org/@opengsn/contracts/-/contracts-3.0.0-beta.6.tgz",
      "integrity": "sha512-zqd7BG339Uq5bfx40CwKXr2waaJqLN9qBVllcWhKBGnkZPKR59wVIPh2zTNzvLorndMRWB3TnOQxAr6tZKjwGQ==",
      "requires": {
        "@openzeppelin/contracts": "^4.2.0"
      }
    },
    "@openzeppelin/contracts": {
      "version": "4.9.3",
      "resolved": "https://registry.npmjs.org/@openzeppelin/contracts/-/contracts-4.9.3.tgz",
      "integrity": "sha512-He3LieZ1pP2TNt5JbkPA4PNT9WC3gOTOlDcFGJW4Le4QKqwmiNJCRt44APfxMxvq7OugU/cqYuPcSBzOw38DAg=="
    }
  }
}
